
Microsoft Visual Studio Solution File, Format Version 12.00
# Visual Studio 15
VisualStudioVersion = 15.0.28307.489
MinimumVisualStudioVersion = 10.0.40219.1
Project("{9A19103F-16F7-4668-BE54-9A1E7A4F7556}") = "CodeAnalysis.IQueryableAnalyzer", "PhongNguyen.CodeAnalysis.IQueryableAnalyzer\CodeAnalysis.IQueryableAnalyzer\CodeAnalysis.IQueryableAnalyzer.csproj", "{9BFA5DA4-05E8-42BE-8851-80DDE13EBB8C}"
EndProject
Project("{9A19103F-16F7-4668-BE54-9A1E7A4F7556}") = "CodeAnalysis.IQueryableAnalyzer.Test", "PhongNguyen.CodeAnalysis.IQueryableAnalyzer\CodeAnalysis.IQueryableAnalyzer.Test\CodeAnalysis.IQueryableAnalyzer.Test.csproj", "{F2B7C356-7B67-465C-AD06-39CF24A654CF}"
EndProject
Project("{FAE04EC0-301F-11D3-BF4B-00C04F79EFBC}") = "CodeAnalysis.IQueryableAnalyzer.Vsix", "PhongNguyen.CodeAnalysis.IQueryableAnalyzer\CodeAnalysis.IQueryableAnalyzer.Vsix\CodeAnalysis.IQueryableAnalyzer.Vsix.csproj", "{D55BD676-4A98-43F7-BB2E-FEE2AB85F528}"
EndProject
Global
	GlobalSection(SolutionConfigurationPlatforms) = preSolution
		Debug|Any CPU = Debug|Any CPU
		Release|Any CPU = Release|Any CPU
	EndGlobalSection
	GlobalSection(ProjectConfigurationPlatforms) = postSolution
		{9BFA5DA4-05E8-42BE-8851-80DDE13EBB8C}.Debug|Any CPU.ActiveCfg = Debug|Any CPU
		{9BFA5DA4-05E8-42BE-8851-80DDE13EBB8C}.Debug|Any CPU.Build.0 = Debug|Any CPU
		{9BFA5DA4-05E8-42BE-8851-80DDE13EBB8C}.Release|Any CPU.ActiveCfg = Release|Any CPU
		{9BFA5DA4-05E8-42BE-8851-80DDE13EBB8C}.Release|Any CPU.Build.0 = Release|Any CPU
		{F2B7C356-7B67-465C-AD06-39CF24A654CF}.Debug|Any CPU.ActiveCfg = Debug|Any CPU
		{F2B7C356-7B67-465C-AD06-39CF24A654CF}.Debug|Any CPU.Build.0 = Debug|Any CPU
		{F2B7C356-7B67-465C-AD06-39CF24A654CF}.Release|Any CPU.ActiveCfg = Release|Any CPU
		{F2B7C356-7B67-465C-AD06-39CF24A654CF}.Release|Any CPU.Build.0 = Release|Any CPU
		{D55BD676-4A98-43F7-BB2E-FEE2AB85F528}.Debug|Any CPU.ActiveCfg = Debug|Any CPU
		{D55BD676-4A98-43F7-BB2E-FEE2AB85F528}.Debug|Any CPU.Build.0 = Debug|Any CPU
		{D55BD676-4A98-43F7-BB2E-FEE2AB85F528}.Release|Any CPU.ActiveCfg = Release|Any CPU
		{D55BD676-4A98-43F7-BB2E-FEE2AB85F528}.Release|Any CPU.Build.0 = Release|Any CPU
	EndGlobalSection
	GlobalSection(SolutionProperties) = preSolution
		HideSolutionNode = FALSE
	EndGlobalSection
	GlobalSection(ExtensibilityGlobals) = postSolution
		SolutionGuid = {5B57DBDE-4A8B-4AE4-BA0C-35B996016640}
	EndGlobalSection
EndGlobal
