
Microsoft Visual Studio Solution File, Format Version 12.00
# Visual Studio 15
VisualStudioVersion = 15.0.28307.489
MinimumVisualStudioVersion = 10.0.40219.1
Project("{FAE04EC0-301F-11D3-BF4B-00C04F79EFBC}") = "HeapInspector", "HeapInspector\HeapInspector.csproj", "{983238E3-5690-453B-90E4-157221557D2E}"
EndProject
Project("{FAE04EC0-301F-11D3-BF4B-00C04F79EFBC}") = "HeapInspector.SampleApp", "HeapInspector.SampleApp\HeapInspector.SampleApp.csproj", "{CE13F37E-903F-4997-9F3D-9CA35B0A3ED8}"
EndProject
Global
	GlobalSection(SolutionConfigurationPlatforms) = preSolution
		Debug|Any CPU = Debug|Any CPU
		Release|Any CPU = Release|Any CPU
	EndGlobalSection
	GlobalSection(ProjectConfigurationPlatforms) = postSolution
		{983238E3-5690-453B-90E4-157221557D2E}.Debug|Any CPU.ActiveCfg = Debug|Any CPU
		{983238E3-5690-453B-90E4-157221557D2E}.Debug|Any CPU.Build.0 = Debug|Any CPU
		{983238E3-5690-453B-90E4-157221557D2E}.Release|Any CPU.ActiveCfg = Release|Any CPU
		{983238E3-5690-453B-90E4-157221557D2E}.Release|Any CPU.Build.0 = Release|Any CPU
		{CE13F37E-903F-4997-9F3D-9CA35B0A3ED8}.Debug|Any CPU.ActiveCfg = Debug|Any CPU
		{CE13F37E-903F-4997-9F3D-9CA35B0A3ED8}.Debug|Any CPU.Build.0 = Debug|Any CPU
		{CE13F37E-903F-4997-9F3D-9CA35B0A3ED8}.Release|Any CPU.ActiveCfg = Release|Any CPU
		{CE13F37E-903F-4997-9F3D-9CA35B0A3ED8}.Release|Any CPU.Build.0 = Release|Any CPU
	EndGlobalSection
	GlobalSection(SolutionProperties) = preSolution
		HideSolutionNode = FALSE
	EndGlobalSection
	GlobalSection(ExtensibilityGlobals) = postSolution
		SolutionGuid = {2CA0B98A-A03E-4366-AD37-340C91FB93E8}
	EndGlobalSection
EndGlobal
